
Microsoft Visual Studio Solution File, Format Version 12.00
# Visual Studio Version 17
VisualStudioVersion = 17.4.33122.133
MinimumVisualStudioVersion = 10.0.40219.1
Project("{FAE04EC0-301F-11D3-BF4B-00C04F79EFBC}") = "ReqresApi.Client", "TestAssignment\ReqresApi.Client.csproj", "{D5117C34-E2D8-4F97-94A4-A06F8A2D1D95}"
EndProject
Project("{FAE04EC0-301F-11D3-BF4B-00C04F79EFBC}") = "ReqresApi.ConsoleApp", "ReqresApi.ConsoleApp\ReqresApi.ConsoleApp.csproj", "{FFAB623B-F28A-4207-A459-358E950766F5}"
EndProject
Project("{FAE04EC0-301F-11D3-BF4B-00C04F79EFBC}") = "ReqresApi.Client.Tests", "ReqresApi.Client.Tests\ReqresApi.Client.Tests.csproj", "{4E4578B1-4238-45EB-ADFB-67350EC5568A}"
EndProject
Global
	GlobalSection(SolutionConfigurationPlatforms) = preSolution
		Debug|Any CPU = Debug|Any CPU
		Release|Any CPU = Release|Any CPU
	EndGlobalSection
	GlobalSection(ProjectConfigurationPlatforms) = postSolution
		{D5117C34-E2D8-4F97-94A4-A06F8A2D1D95}.Debug|Any CPU.ActiveCfg = Debug|Any CPU
		{D5117C34-E2D8-4F97-94A4-A06F8A2D1D95}.Debug|Any CPU.Build.0 = Debug|Any CPU
		{D5117C34-E2D8-4F97-94A4-A06F8A2D1D95}.Release|Any CPU.ActiveCfg = Release|Any CPU
		{D5117C34-E2D8-4F97-94A4-A06F8A2D1D95}.Release|Any CPU.Build.0 = Release|Any CPU
		{FFAB623B-F28A-4207-A459-358E950766F5}.Debug|Any CPU.ActiveCfg = Debug|Any CPU
		{FFAB623B-F28A-4207-A459-358E950766F5}.Debug|Any CPU.Build.0 = Debug|Any CPU
		{FFAB623B-F28A-4207-A459-358E950766F5}.Release|Any CPU.ActiveCfg = Release|Any CPU
		{FFAB623B-F28A-4207-A459-358E950766F5}.Release|Any CPU.Build.0 = Release|Any CPU
		{4E4578B1-4238-45EB-ADFB-67350EC5568A}.Debug|Any CPU.ActiveCfg = Debug|Any CPU
		{4E4578B1-4238-45EB-ADFB-67350EC5568A}.Debug|Any CPU.Build.0 = Debug|Any CPU
		{4E4578B1-4238-45EB-ADFB-67350EC5568A}.Release|Any CPU.ActiveCfg = Release|Any CPU
		{4E4578B1-4238-45EB-ADFB-67350EC5568A}.Release|Any CPU.Build.0 = Release|Any CPU
	EndGlobalSection
	GlobalSection(SolutionProperties) = preSolution
		HideSolutionNode = FALSE
	EndGlobalSection
	GlobalSection(ExtensibilityGlobals) = postSolution
		SolutionGuid = {8EC7E2D5-37F2-4074-A43C-4DCABBA8B163}
	EndGlobalSection
EndGlobal
